// !$*UTF8*$!
{
	archiveVersion = 1;
	classes = {
	};
	objectVersion = 56;
	objects = {

/* Begin PBXBuildFile section */
		01874BDF3966A2804ACA30A1 /* Pods_survey_demo.framework in Frameworks */ = {isa = PBXBuildFile; fileRef = 82944B7ACD40B6EBDC9BE96C /* Pods_survey_demo.framework */; };
		172C9A742B2700D000260D03 /* UIImageView+Extensions.swift in Sources */ = {isa = PBXBuildFile; fileRef = 172C9A732B2700D000260D03 /* UIImageView+Extensions.swift */; };
		172C9A7A2B2802DD00260D03 /* HomeViewController.swift in Sources */ = {isa = PBXBuildFile; fileRef = 172C9A792B2802DD00260D03 /* HomeViewController.swift */; };
		172C9A7C2B28196600260D03 /* UserManager.swift in Sources */ = {isa = PBXBuildFile; fileRef = 172C9A7B2B28196600260D03 /* UserManager.swift */; };
		172C9A7E2B2819C500260D03 /* User.swift in Sources */ = {isa = PBXBuildFile; fileRef = 172C9A7D2B2819C500260D03 /* User.swift */; };
		172C9A802B2825C000260D03 /* KeychainManager.swift in Sources */ = {isa = PBXBuildFile; fileRef = 172C9A7F2B2825C000260D03 /* KeychainManager.swift */; };
		172C9A822B282B7100260D03 /* SurveyManager.swift in Sources */ = {isa = PBXBuildFile; fileRef = 172C9A812B282B7100260D03 /* SurveyManager.swift */; };
		172C9A842B282DF600260D03 /* Survey.swift in Sources */ = {isa = PBXBuildFile; fileRef = 172C9A832B282DF600260D03 /* Survey.swift */; };
		172C9A872B28437A00260D03 /* BaseNetwork.swift in Sources */ = {isa = PBXBuildFile; fileRef = 172C9A862B28437A00260D03 /* BaseNetwork.swift */; };
		172C9A8B2B28537D00260D03 /* SurveyDetailsViewController.swift in Sources */ = {isa = PBXBuildFile; fileRef = 172C9A8A2B28537D00260D03 /* SurveyDetailsViewController.swift */; };
		172C9A8D2B2952D500260D03 /* UIImage+Extensions.swift in Sources */ = {isa = PBXBuildFile; fileRef = 172C9A8C2B2952D500260D03 /* UIImage+Extensions.swift */; };
		172C9A902B29846000260D03 /* SurveyDetails.swift in Sources */ = {isa = PBXBuildFile; fileRef = 172C9A8F2B29846000260D03 /* SurveyDetails.swift */; };
		174797072B2A05FD00203099 /* SurveyQuestionCollectionViewCell.swift in Sources */ = {isa = PBXBuildFile; fileRef = 174797062B2A05FD00203099 /* SurveyQuestionCollectionViewCell.swift */; };
		177AC34B2B26EE8400F7566D /* LoginViewController.swift in Sources */ = {isa = PBXBuildFile; fileRef = 177AC3492B26EE8400F7566D /* LoginViewController.swift */; };
		177AC3512B26F52D00F7566D /* CustomTextField.swift in Sources */ = {isa = PBXBuildFile; fileRef = 177AC3502B26F52D00F7566D /* CustomTextField.swift */; };
		17913FE32B2AC52700DE3AC2 /* RatingView.swift in Sources */ = {isa = PBXBuildFile; fileRef = 17913FE22B2AC52700DE3AC2 /* RatingView.swift */; };
		17913FE52B2AC52F00DE3AC2 /* RatingView.xib in Resources */ = {isa = PBXBuildFile; fileRef = 17913FE42B2AC52F00DE3AC2 /* RatingView.xib */; };
		17913FE72B2AE5E100DE3AC2 /* HomeViewModel.swift in Sources */ = {isa = PBXBuildFile; fileRef = 17913FE62B2AE5E100DE3AC2 /* HomeViewModel.swift */; };
		17913FE92B2B118B00DE3AC2 /* Date+Extension.swift in Sources */ = {isa = PBXBuildFile; fileRef = 17913FE82B2B118B00DE3AC2 /* Date+Extension.swift */; };
		17AB9B4E2B26E584008B3595 /* AppDelegate.swift in Sources */ = {isa = PBXBuildFile; fileRef = 17AB9B4D2B26E584008B3595 /* AppDelegate.swift */; };
		17AB9B502B26E584008B3595 /* SceneDelegate.swift in Sources */ = {isa = PBXBuildFile; fileRef = 17AB9B4F2B26E584008B3595 /* SceneDelegate.swift */; };
		17AB9B552B26E584008B3595 /* Main.storyboard in Resources */ = {isa = PBXBuildFile; fileRef = 17AB9B532B26E584008B3595 /* Main.storyboard */; };
		17AB9B572B26E586008B3595 /* Assets.xcassets in Resources */ = {isa = PBXBuildFile; fileRef = 17AB9B562B26E586008B3595 /* Assets.xcassets */; };
		17AB9B5A2B26E586008B3595 /* LaunchScreen.storyboard in Resources */ = {isa = PBXBuildFile; fileRef = 17AB9B582B26E586008B3595 /* LaunchScreen.storyboard */; };
		17AB9B652B26E586008B3595 /* survey_demoTests.swift in Sources */ = {isa = PBXBuildFile; fileRef = 17AB9B642B26E586008B3595 /* survey_demoTests.swift */; };
		17AB9B6F2B26E586008B3595 /* survey_demoUITests.swift in Sources */ = {isa = PBXBuildFile; fileRef = 17AB9B6E2B26E586008B3595 /* survey_demoUITests.swift */; };
		17AB9B712B26E586008B3595 /* survey_demoUITestsLaunchTests.swift in Sources */ = {isa = PBXBuildFile; fileRef = 17AB9B702B26E586008B3595 /* survey_demoUITestsLaunchTests.swift */; };
		1AE2C849405120F1A185B2F2 /* Pods_survey_demoTests.framework in Frameworks */ = {isa = PBXBuildFile; fileRef = 292765ABFE6B50BBD2C01567 /* Pods_survey_demoTests.framework */; };
		C2599A78B37168919C8E517F /* Pods_survey_demo_survey_demoUITests.framework in Frameworks */ = {isa = PBXBuildFile; fileRef = 9F6EF0E6D322B8EF759C40E6 /* Pods_survey_demo_survey_demoUITests.framework */; };
/* End PBXBuildFile section */

/* Begin PBXContainerItemProxy section */
		17AB9B612B26E586008B3595 /* PBXContainerItemProxy */ = {
			isa = PBXContainerItemProxy;
			containerPortal = 17AB9B422B26E584008B3595 /* Project object */;
			proxyType = 1;
			remoteGlobalIDString = 17AB9B492B26E584008B3595;
			remoteInfo = "survey-demo";
		};
		17AB9B6B2B26E586008B3595 /* PBXContainerItemProxy */ = {
			isa = PBXContainerItemProxy;
			containerPortal = 17AB9B422B26E584008B3595 /* Project object */;
			proxyType = 1;
			remoteGlobalIDString = 17AB9B492B26E584008B3595;
			remoteInfo = "survey-demo";
		};
/* End PBXContainerItemProxy section */

/* Begin PBXFileReference section */
		16D1E2836DCDDDFC1312D332 /* Pods-survey-demo.debug.xcconfig */ = {isa = PBXFileReference; includeInIndex = 1; lastKnownFileType = text.xcconfig; name = "Pods-survey-demo.debug.xcconfig"; path = "Target Support Files/Pods-survey-demo/Pods-survey-demo.debug.xcconfig"; sourceTree = "<group>"; };
		172C9A732B2700D000260D03 /* UIImageView+Extensions.swift */ = {isa = PBXFileReference; lastKnownFileType = sourcecode.swift; path = "UIImageView+Extensions.swift"; sourceTree = "<group>"; };
		172C9A792B2802DD00260D03 /* HomeViewController.swift */ = {isa = PBXFileReference; lastKnownFileType = sourcecode.swift; path = HomeViewController.swift; sourceTree = "<group>"; };
		172C9A7B2B28196600260D03 /* UserManager.swift */ = {isa = PBXFileReference; lastKnownFileType = sourcecode.swift; path = UserManager.swift; sourceTree = "<group>"; };
		172C9A7D2B2819C500260D03 /* User.swift */ = {isa = PBXFileReference; lastKnownFileType = sourcecode.swift; path = User.swift; sourceTree = "<group>"; };
		172C9A7F2B2825C000260D03 /* KeychainManager.swift */ = {isa = PBXFileReference; lastKnownFileType = sourcecode.swift; path = KeychainManager.swift; sourceTree = "<group>"; };
		172C9A812B282B7100260D03 /* SurveyManager.swift */ = {isa = PBXFileReference; lastKnownFileType = sourcecode.swift; path = SurveyManager.swift; sourceTree = "<group>"; };
		172C9A832B282DF600260D03 /* Survey.swift */ = {isa = PBXFileReference; lastKnownFileType = sourcecode.swift; path = Survey.swift; sourceTree = "<group>"; };
		172C9A862B28437A00260D03 /* BaseNetwork.swift */ = {isa = PBXFileReference; lastKnownFileType = sourcecode.swift; path = BaseNetwork.swift; sourceTree = "<group>"; };
		172C9A8A2B28537D00260D03 /* SurveyDetailsViewController.swift */ = {isa = PBXFileReference; lastKnownFileType = sourcecode.swift; path = SurveyDetailsViewController.swift; sourceTree = "<group>"; };
		172C9A8C2B2952D500260D03 /* UIImage+Extensions.swift */ = {isa = PBXFileReference; lastKnownFileType = sourcecode.swift; path = "UIImage+Extensions.swift"; sourceTree = "<group>"; };
		172C9A8F2B29846000260D03 /* SurveyDetails.swift */ = {isa = PBXFileReference; lastKnownFileType = sourcecode.swift; path = SurveyDetails.swift; sourceTree = "<group>"; };
		174797062B2A05FD00203099 /* SurveyQuestionCollectionViewCell.swift */ = {isa = PBXFileReference; lastKnownFileType = sourcecode.swift; path = SurveyQuestionCollectionViewCell.swift; sourceTree = "<group>"; };
		177AC3492B26EE8400F7566D /* LoginViewController.swift */ = {isa = PBXFileReference; lastKnownFileType = sourcecode.swift; path = LoginViewController.swift; sourceTree = "<group>"; };
		177AC3502B26F52D00F7566D /* CustomTextField.swift */ = {isa = PBXFileReference; lastKnownFileType = sourcecode.swift; path = CustomTextField.swift; sourceTree = "<group>"; };
		17913FE22B2AC52700DE3AC2 /* RatingView.swift */ = {isa = PBXFileReference; lastKnownFileType = sourcecode.swift; path = RatingView.swift; sourceTree = "<group>"; };
		17913FE42B2AC52F00DE3AC2 /* RatingView.xib */ = {isa = PBXFileReference; lastKnownFileType = file.xib; path = RatingView.xib; sourceTree = "<group>"; };
		17913FE62B2AE5E100DE3AC2 /* HomeViewModel.swift */ = {isa = PBXFileReference; lastKnownFileType = sourcecode.swift; path = HomeViewModel.swift; sourceTree = "<group>"; };
		17913FE82B2B118B00DE3AC2 /* Date+Extension.swift */ = {isa = PBXFileReference; lastKnownFileType = sourcecode.swift; path = "Date+Extension.swift"; sourceTree = "<group>"; };
		17AB9B4A2B26E584008B3595 /* survey-demo.app */ = {isa = PBXFileReference; explicitFileType = wrapper.application; includeInIndex = 0; path = "survey-demo.app"; sourceTree = BUILT_PRODUCTS_DIR; };
		17AB9B4D2B26E584008B3595 /* AppDelegate.swift */ = {isa = PBXFileReference; lastKnownFileType = sourcecode.swift; path = AppDelegate.swift; sourceTree = "<group>"; };
		17AB9B4F2B26E584008B3595 /* SceneDelegate.swift */ = {isa = PBXFileReference; lastKnownFileType = sourcecode.swift; path = SceneDelegate.swift; sourceTree = "<group>"; };
		17AB9B542B26E584008B3595 /* Base */ = {isa = PBXFileReference; lastKnownFileType = file.storyboard; name = Base; path = Base.lproj/Main.storyboard; sourceTree = "<group>"; };
		17AB9B562B26E586008B3595 /* Assets.xcassets */ = {isa = PBXFileReference; lastKnownFileType = folder.assetcatalog; path = Assets.xcassets; sourceTree = "<group>"; };
		17AB9B592B26E586008B3595 /* Base */ = {isa = PBXFileReference; lastKnownFileType = file.storyboard; name = Base; path = Base.lproj/LaunchScreen.storyboard; sourceTree = "<group>"; };
		17AB9B5B2B26E586008B3595 /* Info.plist */ = {isa = PBXFileReference; lastKnownFileType = text.plist.xml; path = Info.plist; sourceTree = "<group>"; };
		17AB9B602B26E586008B3595 /* survey-demoTests.xctest */ = {isa = PBXFileReference; explicitFileType = wrapper.cfbundle; includeInIndex = 0; path = "survey-demoTests.xctest"; sourceTree = BUILT_PRODUCTS_DIR; };
		17AB9B642B26E586008B3595 /* survey_demoTests.swift */ = {isa = PBXFileReference; lastKnownFileType = sourcecode.swift; path = survey_demoTests.swift; sourceTree = "<group>"; };
		17AB9B6A2B26E586008B3595 /* survey-demoUITests.xctest */ = {isa = PBXFileReference; explicitFileType = wrapper.cfbundle; includeInIndex = 0; path = "survey-demoUITests.xctest"; sourceTree = BUILT_PRODUCTS_DIR; };
		17AB9B6E2B26E586008B3595 /* survey_demoUITests.swift */ = {isa = PBXFileReference; lastKnownFileType = sourcecode.swift; path = survey_demoUITests.swift; sourceTree = "<group>"; };
		17AB9B702B26E586008B3595 /* survey_demoUITestsLaunchTests.swift */ = {isa = PBXFileReference; lastKnownFileType = sourcecode.swift; path = survey_demoUITestsLaunchTests.swift; sourceTree = "<group>"; };
		292765ABFE6B50BBD2C01567 /* Pods_survey_demoTests.framework */ = {isa = PBXFileReference; explicitFileType = wrapper.framework; includeInIndex = 0; path = Pods_survey_demoTests.framework; sourceTree = BUILT_PRODUCTS_DIR; };
		2F7E02A4306A1A4372CFEACE /* Pods-survey-demo-survey-demoUITests.release.xcconfig */ = {isa = PBXFileReference; includeInIndex = 1; lastKnownFileType = text.xcconfig; name = "Pods-survey-demo-survey-demoUITests.release.xcconfig"; path = "Target Support Files/Pods-survey-demo-survey-demoUITests/Pods-survey-demo-survey-demoUITests.release.xcconfig"; sourceTree = "<group>"; };
		5125AFA6D43D2F73527200D7 /* Pods-survey-demo.release.xcconfig */ = {isa = PBXFileReference; includeInIndex = 1; lastKnownFileType = text.xcconfig; name = "Pods-survey-demo.release.xcconfig"; path = "Target Support Files/Pods-survey-demo/Pods-survey-demo.release.xcconfig"; sourceTree = "<group>"; };
		736916020085E8BDBBEBDCD7 /* Pods-survey-demoTests.debug.xcconfig */ = {isa = PBXFileReference; includeInIndex = 1; lastKnownFileType = text.xcconfig; name = "Pods-survey-demoTests.debug.xcconfig"; path = "Target Support Files/Pods-survey-demoTests/Pods-survey-demoTests.debug.xcconfig"; sourceTree = "<group>"; };
		82944B7ACD40B6EBDC9BE96C /* Pods_survey_demo.framework */ = {isa = PBXFileReference; explicitFileType = wrapper.framework; includeInIndex = 0; path = Pods_survey_demo.framework; sourceTree = BUILT_PRODUCTS_DIR; };
		9F6EF0E6D322B8EF759C40E6 /* Pods_survey_demo_survey_demoUITests.framework */ = {isa = PBXFileReference; explicitFileType = wrapper.framework; includeInIndex = 0; path = Pods_survey_demo_survey_demoUITests.framework; sourceTree = BUILT_PRODUCTS_DIR; };
		DE8D697BA48E52C0D1492D31 /* Pods-survey-demo-survey-demoUITests.debug.xcconfig */ = {isa = PBXFileReference; includeInIndex = 1; lastKnownFileType = text.xcconfig; name = "Pods-survey-demo-survey-demoUITests.debug.xcconfig"; path = "Target Support Files/Pods-survey-demo-survey-demoUITests/Pods-survey-demo-survey-demoUITests.debug.xcconfig"; sourceTree = "<group>"; };
		F6AE4615D522AB24A614F0F2 /* Pods-survey-demoTests.release.xcconfig */ = {isa = PBXFileReference; includeInIndex = 1; lastKnownFileType = text.xcconfig; name = "Pods-survey-demoTests.release.xcconfig"; path = "Target Support Files/Pods-survey-demoTests/Pods-survey-demoTests.release.xcconfig"; sourceTree = "<group>"; };
/* End PBXFileReference section */

/* Begin PBXFrameworksBuildPhase section */
		17AB9B472B26E584008B3595 /* Frameworks */ = {
			isa = PBXFrameworksBuildPhase;
			buildActionMask = 2147483647;
			files = (
				01874BDF3966A2804ACA30A1 /* Pods_survey_demo.framework in Frameworks */,
			);
			runOnlyForDeploymentPostprocessing = 0;
		};
		17AB9B5D2B26E586008B3595 /* Frameworks */ = {
			isa = PBXFrameworksBuildPhase;
			buildActionMask = 2147483647;
			files = (
				1AE2C849405120F1A185B2F2 /* Pods_survey_demoTests.framework in Frameworks */,
			);
			runOnlyForDeploymentPostprocessing = 0;
		};
		17AB9B672B26E586008B3595 /* Frameworks */ = {
			isa = PBXFrameworksBuildPhase;
			buildActionMask = 2147483647;
			files = (
				C2599A78B37168919C8E517F /* Pods_survey_demo_survey_demoUITests.framework in Frameworks */,
			);
			runOnlyForDeploymentPostprocessing = 0;
		};
/* End PBXFrameworksBuildPhase section */

/* Begin PBXGroup section */
		172C9A722B2700B400260D03 /* extensions */ = {
			isa = PBXGroup;
			children = (
				172C9A732B2700D000260D03 /* UIImageView+Extensions.swift */,
				172C9A8C2B2952D500260D03 /* UIImage+Extensions.swift */,
				17913FE82B2B118B00DE3AC2 /* Date+Extension.swift */,
			);
			path = extensions;
			sourceTree = "<group>";
		};
		172C9A752B28022500260D03 /* managers */ = {
			isa = PBXGroup;
			children = (
				172C9A7B2B28196600260D03 /* UserManager.swift */,
				172C9A812B282B7100260D03 /* SurveyManager.swift */,
				172C9A7F2B2825C000260D03 /* KeychainManager.swift */,
			);
			path = managers;
			sourceTree = "<group>";
		};
		172C9A762B28022B00260D03 /* models */ = {
			isa = PBXGroup;
			children = (
				172C9A7D2B2819C500260D03 /* User.swift */,
				172C9A832B282DF600260D03 /* Survey.swift */,
				172C9A8F2B29846000260D03 /* SurveyDetails.swift */,
			);
			path = models;
			sourceTree = "<group>";
		};
		172C9A772B28023A00260D03 /* modules */ = {
			isa = PBXGroup;
			children = (
				172C9A8E2B29705000260D03 /* survey */,
				172C9A782B28024500260D03 /* home */,
				177AC3482B26E69400F7566D /* auth */,
			);
			path = modules;
			sourceTree = "<group>";
		};
		172C9A782B28024500260D03 /* home */ = {
			isa = PBXGroup;
			children = (
				172C9A792B2802DD00260D03 /* HomeViewController.swift */,
				17913FE62B2AE5E100DE3AC2 /* HomeViewModel.swift */,
			);
			path = home;
			sourceTree = "<group>";
		};
		172C9A852B28436C00260D03 /* network */ = {
			isa = PBXGroup;
			children = (
				172C9A862B28437A00260D03 /* BaseNetwork.swift */,
			);
			path = network;
			sourceTree = "<group>";
		};
		172C9A8E2B29705000260D03 /* survey */ = {
			isa = PBXGroup;
			children = (
				172C9A8A2B28537D00260D03 /* SurveyDetailsViewController.swift */,
				174797062B2A05FD00203099 /* SurveyQuestionCollectionViewCell.swift */,
				17913FE22B2AC52700DE3AC2 /* RatingView.swift */,
				17913FE42B2AC52F00DE3AC2 /* RatingView.xib */,
			);
			path = survey;
			sourceTree = "<group>";
		};
		177AC3482B26E69400F7566D /* auth */ = {
			isa = PBXGroup;
			children = (
				177AC3492B26EE8400F7566D /* LoginViewController.swift */,
			);
			path = auth;
			sourceTree = "<group>";
		};
		177AC34D2B26F47800F7566D /* utils */ = {
			isa = PBXGroup;
			children = (
				177AC3502B26F52D00F7566D /* CustomTextField.swift */,
			);
			path = utils;
			sourceTree = "<group>";
		};
		17AB9B412B26E584008B3595 = {
			isa = PBXGroup;
			children = (
				17AB9B4C2B26E584008B3595 /* survey-demo */,
				17AB9B632B26E586008B3595 /* survey-demoTests */,
				17AB9B6D2B26E586008B3595 /* survey-demoUITests */,
				17AB9B4B2B26E584008B3595 /* Products */,
				B86F4D294978E3E6BF510015 /* Pods */,
				E5F704CAD1E630CF1AFDE082 /* Frameworks */,
			);
			sourceTree = "<group>";
		};
		17AB9B4B2B26E584008B3595 /* Products */ = {
			isa = PBXGroup;
			children = (
				17AB9B4A2B26E584008B3595 /* survey-demo.app */,
				17AB9B602B26E586008B3595 /* survey-demoTests.xctest */,
				17AB9B6A2B26E586008B3595 /* survey-demoUITests.xctest */,
			);
			name = Products;
			sourceTree = "<group>";
		};
		17AB9B4C2B26E584008B3595 /* survey-demo */ = {
			isa = PBXGroup;
			children = (
				172C9A852B28436C00260D03 /* network */,
				172C9A772B28023A00260D03 /* modules */,
				172C9A762B28022B00260D03 /* models */,
				172C9A752B28022500260D03 /* managers */,
				172C9A722B2700B400260D03 /* extensions */,
				177AC34D2B26F47800F7566D /* utils */,
				17AB9B4D2B26E584008B3595 /* AppDelegate.swift */,
				17AB9B4F2B26E584008B3595 /* SceneDelegate.swift */,
				17AB9B532B26E584008B3595 /* Main.storyboard */,
				17AB9B562B26E586008B3595 /* Assets.xcassets */,
				17AB9B582B26E586008B3595 /* LaunchScreen.storyboard */,
				17AB9B5B2B26E586008B3595 /* Info.plist */,
			);
			path = "survey-demo";
			sourceTree = "<group>";
		};
		17AB9B632B26E586008B3595 /* survey-demoTests */ = {
			isa = PBXGroup;
			children = (
				17AB9B642B26E586008B3595 /* survey_demoTests.swift */,
			);
			path = "survey-demoTests";
			sourceTree = "<group>";
		};
		17AB9B6D2B26E586008B3595 /* survey-demoUITests */ = {
			isa = PBXGroup;
			children = (
				17AB9B6E2B26E586008B3595 /* survey_demoUITests.swift */,
				17AB9B702B26E586008B3595 /* survey_demoUITestsLaunchTests.swift */,
			);
			path = "survey-demoUITests";
			sourceTree = "<group>";
		};
		B86F4D294978E3E6BF510015 /* Pods */ = {
			isa = PBXGroup;
			children = (
				16D1E2836DCDDDFC1312D332 /* Pods-survey-demo.debug.xcconfig */,
				5125AFA6D43D2F73527200D7 /* Pods-survey-demo.release.xcconfig */,
				DE8D697BA48E52C0D1492D31 /* Pods-survey-demo-survey-demoUITests.debug.xcconfig */,
				2F7E02A4306A1A4372CFEACE /* Pods-survey-demo-survey-demoUITests.release.xcconfig */,
				736916020085E8BDBBEBDCD7 /* Pods-survey-demoTests.debug.xcconfig */,
				F6AE4615D522AB24A614F0F2 /* Pods-survey-demoTests.release.xcconfig */,
			);
			path = Pods;
			sourceTree = "<group>";
		};
		E5F704CAD1E630CF1AFDE082 /* Frameworks */ = {
			isa = PBXGroup;
			children = (
				82944B7ACD40B6EBDC9BE96C /* Pods_survey_demo.framework */,
				9F6EF0E6D322B8EF759C40E6 /* Pods_survey_demo_survey_demoUITests.framework */,
				292765ABFE6B50BBD2C01567 /* Pods_survey_demoTests.framework */,
			);
			name = Frameworks;
			sourceTree = "<group>";
		};
/* End PBXGroup section */

/* Begin PBXNativeTarget section */
		17AB9B492B26E584008B3595 /* survey-demo */ = {
			isa = PBXNativeTarget;
			buildConfigurationList = 17AB9B742B26E586008B3595 /* Build configuration list for PBXNativeTarget "survey-demo" */;
			buildPhases = (
				DC1461975510F67331FFD5C2 /* [CP] Check Pods Manifest.lock */,
				17AB9B462B26E584008B3595 /* Sources */,
				17AB9B472B26E584008B3595 /* Frameworks */,
				17AB9B482B26E584008B3595 /* Resources */,
				9FDC473AB96ACBDE58C18575 /* [CP] Embed Pods Frameworks */,
			);
			buildRules = (
			);
			dependencies = (
			);
			name = "survey-demo";
			productName = "survey-demo";
			productReference = 17AB9B4A2B26E584008B3595 /* survey-demo.app */;
			productType = "com.apple.product-type.application";
		};
		17AB9B5F2B26E586008B3595 /* survey-demoTests */ = {
			isa = PBXNativeTarget;
			buildConfigurationList = 17AB9B772B26E586008B3595 /* Build configuration list for PBXNativeTarget "survey-demoTests" */;
			buildPhases = (
				F0AF98DEA338836E15893630 /* [CP] Check Pods Manifest.lock */,
				17AB9B5C2B26E586008B3595 /* Sources */,
				17AB9B5D2B26E586008B3595 /* Frameworks */,
				17AB9B5E2B26E586008B3595 /* Resources */,
			);
			buildRules = (
			);
			dependencies = (
				17AB9B622B26E586008B3595 /* PBXTargetDependency */,
			);
			name = "survey-demoTests";
			productName = "survey-demoTests";
			productReference = 17AB9B602B26E586008B3595 /* survey-demoTests.xctest */;
			productType = "com.apple.product-type.bundle.unit-test";
		};
		17AB9B692B26E586008B3595 /* survey-demoUITests */ = {
			isa = PBXNativeTarget;
			buildConfigurationList = 17AB9B7A2B26E586008B3595 /* Build configuration list for PBXNativeTarget "survey-demoUITests" */;
			buildPhases = (
				F8E2B58F9A91535A4961B055 /* [CP] Check Pods Manifest.lock */,
				17AB9B662B26E586008B3595 /* Sources */,
				17AB9B672B26E586008B3595 /* Frameworks */,
				17AB9B682B26E586008B3595 /* Resources */,
				D0B1B4052D8C26E2A3ECF1A4 /* [CP] Embed Pods Frameworks */,
			);
			buildRules = (
			);
			dependencies = (
				17AB9B6C2B26E586008B3595 /* PBXTargetDependency */,
			);
			name = "survey-demoUITests";
			productName = "survey-demoUITests";
			productReference = 17AB9B6A2B26E586008B3595 /* survey-demoUITests.xctest */;
			productType = "com.apple.product-type.bundle.ui-testing";
		};
/* End PBXNativeTarget section */

/* Begin PBXProject section */
		17AB9B422B26E584008B3595 /* Project object */ = {
			isa = PBXProject;
			attributes = {
				BuildIndependentTargetsInParallel = 1;
				LastSwiftUpdateCheck = 1500;
				LastUpgradeCheck = 1500;
				TargetAttributes = {
					17AB9B492B26E584008B3595 = {
						CreatedOnToolsVersion = 15.0.1;
					};
					17AB9B5F2B26E586008B3595 = {
						CreatedOnToolsVersion = 15.0.1;
						TestTargetID = 17AB9B492B26E584008B3595;
					};
					17AB9B692B26E586008B3595 = {
						CreatedOnToolsVersion = 15.0.1;
						TestTargetID = 17AB9B492B26E584008B3595;
					};
				};
			};
			buildConfigurationList = 17AB9B452B26E584008B3595 /* Build configuration list for PBXProject "survey-demo" */;
			compatibilityVersion = "Xcode 14.0";
			developmentRegion = en;
			hasScannedForEncodings = 0;
			knownRegions = (
				en,
				Base,
			);
			mainGroup = 17AB9B412B26E584008B3595;
			productRefGroup = 17AB9B4B2B26E584008B3595 /* Products */;
			projectDirPath = "";
			projectRoot = "";
			targets = (
				17AB9B492B26E584008B3595 /* survey-demo */,
				17AB9B5F2B26E586008B3595 /* survey-demoTests */,
				17AB9B692B26E586008B3595 /* survey-demoUITests */,
			);
		};
/* End PBXProject section */

/* Begin PBXResourcesBuildPhase section */
		17AB9B482B26E584008B3595 /* Resources */ = {
			isa = PBXResourcesBuildPhase;
			buildActionMask = 2147483647;
			files = (
				17913FE52B2AC52F00DE3AC2 /* RatingView.xib in Resources */,
				17AB9B5A2B26E586008B3595 /* LaunchScreen.storyboard in Resources */,
				17AB9B572B26E586008B3595 /* Assets.xcassets in Resources */,
				17AB9B552B26E584008B3595 /* Main.storyboard in Resources */,
			);
			runOnlyForDeploymentPostprocessing = 0;
		};
		17AB9B5E2B26E586008B3595 /* Resources */ = {
			isa = PBXResourcesBuildPhase;
			buildActionMask = 2147483647;
			files = (
			);
			runOnlyForDeploymentPostprocessing = 0;
		};
		17AB9B682B26E586008B3595 /* Resources */ = {
			isa = PBXResourcesBuildPhase;
			buildActionMask = 2147483647;
			files = (
			);
			runOnlyForDeploymentPostprocessing = 0;
		};
/* End PBXResourcesBuildPhase section */

/* Begin PBXShellScriptBuildPhase section */
		9FDC473AB96ACBDE58C18575 /* [CP] Embed Pods Frameworks */ = {
			isa = PBXShellScriptBuildPhase;
			buildActionMask = 2147483647;
			files = (
			);
			inputFileListPaths = (
				"${PODS_ROOT}/Target Support Files/Pods-survey-demo/Pods-survey-demo-frameworks-${CONFIGURATION}-input-files.xcfilelist",
			);
			name = "[CP] Embed Pods Frameworks";
			outputFileListPaths = (
				"${PODS_ROOT}/Target Support Files/Pods-survey-demo/Pods-survey-demo-frameworks-${CONFIGURATION}-output-files.xcfilelist",
			);
			runOnlyForDeploymentPostprocessing = 0;
			shellPath = /bin/sh;
			shellScript = "\"${PODS_ROOT}/Target Support Files/Pods-survey-demo/Pods-survey-demo-frameworks.sh\"\n";
			showEnvVarsInLog = 0;
		};
		D0B1B4052D8C26E2A3ECF1A4 /* [CP] Embed Pods Frameworks */ = {
			isa = PBXShellScriptBuildPhase;
			buildActionMask = 2147483647;
			files = (
			);
			inputFileListPaths = (
				"${PODS_ROOT}/Target Support Files/Pods-survey-demo-survey-demoUITests/Pods-survey-demo-survey-demoUITests-frameworks-${CONFIGURATION}-input-files.xcfilelist",
			);
			name = "[CP] Embed Pods Frameworks";
			outputFileListPaths = (
				"${PODS_ROOT}/Target Support Files/Pods-survey-demo-survey-demoUITests/Pods-survey-demo-survey-demoUITests-frameworks-${CONFIGURATION}-output-files.xcfilelist",
			);
			runOnlyForDeploymentPostprocessing = 0;
			shellPath = /bin/sh;
			shellScript = "\"${PODS_ROOT}/Target Support Files/Pods-survey-demo-survey-demoUITests/Pods-survey-demo-survey-demoUITests-frameworks.sh\"\n";
			showEnvVarsInLog = 0;
		};
		DC1461975510F67331FFD5C2 /* [CP] Check Pods Manifest.lock */ = {
			isa = PBXShellScriptBuildPhase;
			buildActionMask = 2147483647;
			files = (
			);
			inputFileListPaths = (
			);
			inputPaths = (
				"${PODS_PODFILE_DIR_PATH}/Podfile.lock",
				"${PODS_ROOT}/Manifest.lock",
			);
			name = "[CP] Check Pods Manifest.lock";
			outputFileListPaths = (
			);
			outputPaths = (
				"$(DERIVED_FILE_DIR)/Pods-survey-demo-checkManifestLockResult.txt",
			);
			runOnlyForDeploymentPostprocessing = 0;
			shellPath = /bin/sh;
			shellScript = "diff \"${PODS_PODFILE_DIR_PATH}/Podfile.lock\" \"${PODS_ROOT}/Manifest.lock\" > /dev/null\nif [ $? != 0 ] ; then\n    # print error to STDERR\n    echo \"error: The sandbox is not in sync with the Podfile.lock. Run 'pod install' or update your CocoaPods installation.\" >&2\n    exit 1\nfi\n# This output is used by Xcode 'outputs' to avoid re-running this script phase.\necho \"SUCCESS\" > \"${SCRIPT_OUTPUT_FILE_0}\"\n";
			showEnvVarsInLog = 0;
		};
		F0AF98DEA338836E15893630 /* [CP] Check Pods Manifest.lock */ = {
			isa = PBXShellScriptBuildPhase;
			buildActionMask = 2147483647;
			files = (
			);
			inputFileListPaths = (
			);
			inputPaths = (
				"${PODS_PODFILE_DIR_PATH}/Podfile.lock",
				"${PODS_ROOT}/Manifest.lock",
			);
			name = "[CP] Check Pods Manifest.lock";
			outputFileListPaths = (
			);
			outputPaths = (
				"$(DERIVED_FILE_DIR)/Pods-survey-demoTests-checkManifestLockResult.txt",
			);
			runOnlyForDeploymentPostprocessing = 0;
			shellPath = /bin/sh;
			shellScript = "diff \"${PODS_PODFILE_DIR_PATH}/Podfile.lock\" \"${PODS_ROOT}/Manifest.lock\" > /dev/null\nif [ $? != 0 ] ; then\n    # print error to STDERR\n    echo \"error: The sandbox is not in sync with the Podfile.lock. Run 'pod install' or update your CocoaPods installation.\" >&2\n    exit 1\nfi\n# This output is used by Xcode 'outputs' to avoid re-running this script phase.\necho \"SUCCESS\" > \"${SCRIPT_OUTPUT_FILE_0}\"\n";
			showEnvVarsInLog = 0;
		};
		F8E2B58F9A91535A4961B055 /* [CP] Check Pods Manifest.lock */ = {
			isa = PBXShellScriptBuildPhase;
			buildActionMask = 2147483647;
			files = (
			);
			inputFileListPaths = (
			);
			inputPaths = (
				"${PODS_PODFILE_DIR_PATH}/Podfile.lock",
				"${PODS_ROOT}/Manifest.lock",
			);
			name = "[CP] Check Pods Manifest.lock";
			outputFileListPaths = (
			);
			outputPaths = (
				"$(DERIVED_FILE_DIR)/Pods-survey-demo-survey-demoUITests-checkManifestLockResult.txt",
			);
			runOnlyForDeploymentPostprocessing = 0;
			shellPath = /bin/sh;
			shellScript = "diff \"${PODS_PODFILE_DIR_PATH}/Podfile.lock\" \"${PODS_ROOT}/Manifest.lock\" > /dev/null\nif [ $? != 0 ] ; then\n    # print error to STDERR\n    echo \"error: The sandbox is not in sync with the Podfile.lock. Run 'pod install' or update your CocoaPods installation.\" >&2\n    exit 1\nfi\n# This output is used by Xcode 'outputs' to avoid re-running this script phase.\necho \"SUCCESS\" > \"${SCRIPT_OUTPUT_FILE_0}\"\n";
			showEnvVarsInLog = 0;
		};
/* End PBXShellScriptBuildPhase section */

/* Begin PBXSourcesBuildPhase section */
		17AB9B462B26E584008B3595 /* Sources */ = {
			isa = PBXSourcesBuildPhase;
			buildActionMask = 2147483647;
			files = (
				172C9A742B2700D000260D03 /* UIImageView+Extensions.swift in Sources */,
				17913FE72B2AE5E100DE3AC2 /* HomeViewModel.swift in Sources */,
				172C9A822B282B7100260D03 /* SurveyManager.swift in Sources */,
				177AC34B2B26EE8400F7566D /* LoginViewController.swift in Sources */,
				172C9A8D2B2952D500260D03 /* UIImage+Extensions.swift in Sources */,
				177AC3512B26F52D00F7566D /* CustomTextField.swift in Sources */,
				17AB9B4E2B26E584008B3595 /* AppDelegate.swift in Sources */,
				172C9A7E2B2819C500260D03 /* User.swift in Sources */,
				172C9A842B282DF600260D03 /* Survey.swift in Sources */,
				172C9A902B29846000260D03 /* SurveyDetails.swift in Sources */,
				172C9A7A2B2802DD00260D03 /* HomeViewController.swift in Sources */,
				172C9A7C2B28196600260D03 /* UserManager.swift in Sources */,
				17913FE32B2AC52700DE3AC2 /* RatingView.swift in Sources */,
				172C9A872B28437A00260D03 /* BaseNetwork.swift in Sources */,
				17AB9B502B26E584008B3595 /* SceneDelegate.swift in Sources */,
				172C9A802B2825C000260D03 /* KeychainManager.swift in Sources */,
				174797072B2A05FD00203099 /* SurveyQuestionCollectionViewCell.swift in Sources */,
				17913FE92B2B118B00DE3AC2 /* Date+Extension.swift in Sources */,
				172C9A8B2B28537D00260D03 /* SurveyDetailsViewController.swift in Sources */,
			);
			runOnlyForDeploymentPostprocessing = 0;
		};
		17AB9B5C2B26E586008B3595 /* Sources */ = {
			isa = PBXSourcesBuildPhase;
			buildActionMask = 2147483647;
			files = (
				17AB9B652B26E586008B3595 /* survey_demoTests.swift in Sources */,
			);
			runOnlyForDeploymentPostprocessing = 0;
		};
		17AB9B662B26E586008B3595 /* Sources */ = {
			isa = PBXSourcesBuildPhase;
			buildActionMask = 2147483647;
			files = (
				17AB9B6F2B26E586008B3595 /* survey_demoUITests.swift in Sources */,
				17AB9B712B26E586008B3595 /* survey_demoUITestsLaunchTests.swift in Sources */,
			);
			runOnlyForDeploymentPostprocessing = 0;
		};
/* End PBXSourcesBuildPhase section */

/* Begin PBXTargetDependency section */
		17AB9B622B26E586008B3595 /* PBXTargetDependency */ = {
			isa = PBXTargetDependency;
			target = 17AB9B492B26E584008B3595 /* survey-demo */;
			targetProxy = 17AB9B612B26E586008B3595 /* PBXContainerItemProxy */;
		};
		17AB9B6C2B26E586008B3595 /* PBXTargetDependency */ = {
			isa = PBXTargetDependency;
			target = 17AB9B492B26E584008B3595 /* survey-demo */;
			targetProxy = 17AB9B6B2B26E586008B3595 /* PBXContainerItemProxy */;
		};
/* End PBXTargetDependency section */

/* Begin PBXVariantGroup section */
		17AB9B532B26E584008B3595 /* Main.storyboard */ = {
			isa = PBXVariantGroup;
			children = (
				17AB9B542B26E584008B3595 /* Base */,
			);
			name = Main.storyboard;
			sourceTree = "<group>";
		};
		17AB9B582B26E586008B3595 /* LaunchScreen.storyboard */ = {
			isa = PBXVariantGroup;
			children = (
				17AB9B592B26E586008B3595 /* Base */,
			);
			name = LaunchScreen.storyboard;
			sourceTree = "<group>";
		};
/* End PBXVariantGroup section */

/* Begin XCBuildConfiguration section */
		17AB9B722B26E586008B3595 /* Debug */ = {
			isa = XCBuildConfiguration;
			buildSettings = {
				ALWAYS_SEARCH_USER_PATHS = NO;
				ASSETCATALOG_COMPILER_GENERATE_SWIFT_ASSET_SYMBOL_EXTENSIONS = YES;
				CLANG_ANALYZER_NONNULL = YES;
				CLANG_ANALYZER_NUMBER_OBJECT_CONVERSION = YES_AGGRESSIVE;
				CLANG_CXX_LANGUAGE_STANDARD = "gnu++20";
				CLANG_ENABLE_MODULES = YES;
				CLANG_ENABLE_OBJC_ARC = YES;
				CLANG_ENABLE_OBJC_WEAK = YES;
				CLANG_WARN_BLOCK_CAPTURE_AUTORELEASING = YES;
				CLANG_WARN_BOOL_CONVERSION = YES;
				CLANG_WARN_COMMA = YES;
				CLANG_WARN_CONSTANT_CONVERSION = YES;
				CLANG_WARN_DEPRECATED_OBJC_IMPLEMENTATIONS = YES;
				CLANG_WARN_DIRECT_OBJC_ISA_USAGE = YES_ERROR;
				CLANG_WARN_DOCUMENTATION_COMMENTS = YES;
				CLANG_WARN_EMPTY_BODY = YES;
				CLANG_WARN_ENUM_CONVERSION = YES;
				CLANG_WARN_INFINITE_RECURSION = YES;
				CLANG_WARN_INT_CONVERSION = YES;
				CLANG_WARN_NON_LITERAL_NULL_CONVERSION = YES;
				CLANG_WARN_OBJC_IMPLICIT_RETAIN_SELF = YES;
				CLANG_WARN_OBJC_LITERAL_CONVERSION = YES;
				CLANG_WARN_OBJC_ROOT_CLASS = YES_ERROR;
				CLANG_WARN_QUOTED_INCLUDE_IN_FRAMEWORK_HEADER = YES;
				CLANG_WARN_RANGE_LOOP_ANALYSIS = YES;
				CLANG_WARN_STRICT_PROTOTYPES = YES;
				CLANG_WARN_SUSPICIOUS_MOVE = YES;
				CLANG_WARN_UNGUARDED_AVAILABILITY = YES_AGGRESSIVE;
				CLANG_WARN_UNREACHABLE_CODE = YES;
				CLANG_WARN__DUPLICATE_METHOD_MATCH = YES;
				COPY_PHASE_STRIP = NO;
				DEBUG_INFORMATION_FORMAT = dwarf;
				ENABLE_STRICT_OBJC_MSGSEND = YES;
				ENABLE_TESTABILITY = YES;
				ENABLE_USER_SCRIPT_SANDBOXING = YES;
				GCC_C_LANGUAGE_STANDARD = gnu17;
				GCC_DYNAMIC_NO_PIC = NO;
				GCC_NO_COMMON_BLOCKS = YES;
				GCC_OPTIMIZATION_LEVEL = 0;
				GCC_PREPROCESSOR_DEFINITIONS = (
					"DEBUG=1",
					"$(inherited)",
				);
				GCC_WARN_64_TO_32_BIT_CONVERSION = YES;
				GCC_WARN_ABOUT_RETURN_TYPE = YES_ERROR;
				GCC_WARN_UNDECLARED_SELECTOR = YES;
				GCC_WARN_UNINITIALIZED_AUTOS = YES_AGGRESSIVE;
				GCC_WARN_UNUSED_FUNCTION = YES;
				GCC_WARN_UNUSED_VARIABLE = YES;
				IPHONEOS_DEPLOYMENT_TARGET = 10.0;
				LOCALIZATION_PREFERS_STRING_CATALOGS = YES;
				MTL_ENABLE_DEBUG_INFO = INCLUDE_SOURCE;
				MTL_FAST_MATH = YES;
				ONLY_ACTIVE_ARCH = YES;
				SDKROOT = iphoneos;
				SWIFT_ACTIVE_COMPILATION_CONDITIONS = "DEBUG $(inherited)";
				SWIFT_OPTIMIZATION_LEVEL = "-Onone";
			};
			name = Debug;
		};
		17AB9B732B26E586008B3595 /* Release */ = {
			isa = XCBuildConfiguration;
			buildSettings = {
				ALWAYS_SEARCH_USER_PATHS = NO;
				ASSETCATALOG_COMPILER_GENERATE_SWIFT_ASSET_SYMBOL_EXTENSIONS = YES;
				CLANG_ANALYZER_NONNULL = YES;
				CLANG_ANALYZER_NUMBER_OBJECT_CONVERSION = YES_AGGRESSIVE;
				CLANG_CXX_LANGUAGE_STANDARD = "gnu++20";
				CLANG_ENABLE_MODULES = YES;
				CLANG_ENABLE_OBJC_ARC = YES;
				CLANG_ENABLE_OBJC_WEAK = YES;
				CLANG_WARN_BLOCK_CAPTURE_AUTORELEASING = YES;
				CLANG_WARN_BOOL_CONVERSION = YES;
				CLANG_WARN_COMMA = YES;
				CLANG_WARN_CONSTANT_CONVERSION = YES;
				CLANG_WARN_DEPRECATED_OBJC_IMPLEMENTATIONS = YES;
				CLANG_WARN_DIRECT_OBJC_ISA_USAGE = YES_ERROR;
				CLANG_WARN_DOCUMENTATION_COMMENTS = YES;
				CLANG_WARN_EMPTY_BODY = YES;
				CLANG_WARN_ENUM_CONVERSION = YES;
				CLANG_WARN_INFINITE_RECURSION = YES;
				CLANG_WARN_INT_CONVERSION = YES;
				CLANG_WARN_NON_LITERAL_NULL_CONVERSION = YES;
				CLANG_WARN_OBJC_IMPLICIT_RETAIN_SELF = YES;
				CLANG_WARN_OBJC_LITERAL_CONVERSION = YES;
				CLANG_WARN_OBJC_ROOT_CLASS = YES_ERROR;
				CLANG_WARN_QUOTED_INCLUDE_IN_FRAMEWORK_HEADER = YES;
				CLANG_WARN_RANGE_LOOP_ANALYSIS = YES;
				CLANG_WARN_STRICT_PROTOTYPES = YES;
				CLANG_WARN_SUSPICIOUS_MOVE = YES;
				CLANG_WARN_UNGUARDED_AVAILABILITY = YES_AGGRESSIVE;
				CLANG_WARN_UNREACHABLE_CODE = YES;
				CLANG_WARN__DUPLICATE_METHOD_MATCH = YES;
				COPY_PHASE_STRIP = NO;
				DEBUG_INFORMATION_FORMAT = "dwarf-with-dsym";
				ENABLE_NS_ASSERTIONS = NO;
				ENABLE_STRICT_OBJC_MSGSEND = YES;
				ENABLE_USER_SCRIPT_SANDBOXING = YES;
				GCC_C_LANGUAGE_STANDARD = gnu17;
				GCC_NO_COMMON_BLOCKS = YES;
				GCC_WARN_64_TO_32_BIT_CONVERSION = YES;
				GCC_WARN_ABOUT_RETURN_TYPE = YES_ERROR;
				GCC_WARN_UNDECLARED_SELECTOR = YES;
				GCC_WARN_UNINITIALIZED_AUTOS = YES_AGGRESSIVE;
				GCC_WARN_UNUSED_FUNCTION = YES;
				GCC_WARN_UNUSED_VARIABLE = YES;
				IPHONEOS_DEPLOYMENT_TARGET = 10.0;
				LOCALIZATION_PREFERS_STRING_CATALOGS = YES;
				MTL_ENABLE_DEBUG_INFO = NO;
				MTL_FAST_MATH = YES;
				SDKROOT = iphoneos;
				SWIFT_COMPILATION_MODE = wholemodule;
				VALIDATE_PRODUCT = YES;
			};
			name = Release;
		};
		17AB9B752B26E586008B3595 /* Debug */ = {
			isa = XCBuildConfiguration;
			baseConfigurationReference = 16D1E2836DCDDDFC1312D332 /* Pods-survey-demo.debug.xcconfig */;
			buildSettings = {
				ASSETCATALOG_COMPILER_APPICON_NAME = AppIcon;
				ASSETCATALOG_COMPILER_GLOBAL_ACCENT_COLOR_NAME = AccentColor;
				CODE_SIGN_STYLE = Automatic;
				CURRENT_PROJECT_VERSION = 1;
				ENABLE_USER_SCRIPT_SANDBOXING = NO;
				GENERATE_INFOPLIST_FILE = YES;
				INFOPLIST_FILE = "survey-demo/Info.plist";
				INFOPLIST_KEY_UIApplicationSupportsIndirectInputEvents = YES;
				INFOPLIST_KEY_UILaunchStoryboardName = LaunchScreen;
				INFOPLIST_KEY_UIMainStoryboardFile = Main;
				INFOPLIST_KEY_UISupportedInterfaceOrientations_iPad = "UIInterfaceOrientationPortrait UIInterfaceOrientationPortraitUpsideDown UIInterfaceOrientationLandscapeLeft UIInterfaceOrientationLandscapeRight";
				INFOPLIST_KEY_UISupportedInterfaceOrientations_iPhone = "UIInterfaceOrientationPortrait UIInterfaceOrientationLandscapeLeft UIInterfaceOrientationLandscapeRight";
				IPHONEOS_DEPLOYMENT_TARGET = 10.0;
				LD_RUNPATH_SEARCH_PATHS = (
					"$(inherited)",
					"@executable_path/Frameworks",
				);
				MARKETING_VERSION = 1.0;
				PRODUCT_BUNDLE_IDENTIFIER = "com.betatest.survey-demo";
				PRODUCT_NAME = "$(TARGET_NAME)";
				SWIFT_EMIT_LOC_STRINGS = YES;
				SWIFT_VERSION = 5.0;
				TARGETED_DEVICE_FAMILY = "1,2";
			};
			name = Debug;
		};
		17AB9B762B26E586008B3595 /* Release */ = {
			isa = XCBuildConfiguration;
			baseConfigurationReference = 5125AFA6D43D2F73527200D7 /* Pods-survey-demo.release.xcconfig */;
			buildSettings = {
				ASSETCATALOG_COMPILER_APPICON_NAME = AppIcon;
				ASSETCATALOG_COMPILER_GLOBAL_ACCENT_COLOR_NAME = AccentColor;
				CODE_SIGN_STYLE = Automatic;
				CURRENT_PROJECT_VERSION = 1;
				ENABLE_USER_SCRIPT_SANDBOXING = NO;
				GENERATE_INFOPLIST_FILE = YES;
				INFOPLIST_FILE = "survey-demo/Info.plist";
				INFOPLIST_KEY_UIApplicationSupportsIndirectInputEvents = YES;
				INFOPLIST_KEY_UILaunchStoryboardName = LaunchScreen;
				INFOPLIST_KEY_UIMainStoryboardFile = Main;
				INFOPLIST_KEY_UISupportedInterfaceOrientations_iPad = "UIInterfaceOrientationPortrait UIInterfaceOrientationPortraitUpsideDown UIInterfaceOrientationLandscapeLeft UIInterfaceOrientationLandscapeRight";
				INFOPLIST_KEY_UISupportedInterfaceOrientations_iPhone = "UIInterfaceOrientationPortrait UIInterfaceOrientationLandscapeLeft UIInterfaceOrientationLandscapeRight";
				IPHONEOS_DEPLOYMENT_TARGET = 10.0;
				LD_RUNPATH_SEARCH_PATHS = (
					"$(inherited)",
					"@executable_path/Frameworks",
				);
				MARKETING_VERSION = 1.0;
				PRODUCT_BUNDLE_IDENTIFIER = "com.betatest.survey-demo";
				PRODUCT_NAME = "$(TARGET_NAME)";
				SWIFT_EMIT_LOC_STRINGS = YES;
				SWIFT_VERSION = 5.0;
				TARGETED_DEVICE_FAMILY = "1,2";
			};
			name = Release;
		};
		17AB9B782B26E586008B3595 /* Debug */ = {
			isa = XCBuildConfiguration;
			baseConfigurationReference = 736916020085E8BDBBEBDCD7 /* Pods-survey-demoTests.debug.xcconfig */;
			buildSettings = {
				ALWAYS_EMBED_SWIFT_STANDARD_LIBRARIES = YES;
				BUNDLE_LOADER = "$(TEST_HOST)";
				CODE_SIGN_STYLE = Automatic;
				CURRENT_PROJECT_VERSION = 1;
				GENERATE_INFOPLIST_FILE = YES;
				IPHONEOS_DEPLOYMENT_TARGET = 17.0;
				MARKETING_VERSION = 1.0;
				PRODUCT_BUNDLE_IDENTIFIER = "com.betatest.survey-demoTests";
				PRODUCT_NAME = "$(TARGET_NAME)";
				SWIFT_EMIT_LOC_STRINGS = NO;
				SWIFT_VERSION = 5.0;
				TARGETED_DEVICE_FAMILY = "1,2";
				TEST_HOST = "$(BUILT_PRODUCTS_DIR)/survey-demo.app/$(BUNDLE_EXECUTABLE_FOLDER_PATH)/survey-demo";
			};
			name = Debug;
		};
		17AB9B792B26E586008B3595 /* Release */ = {
			isa = XCBuildConfiguration;
			baseConfigurationReference = F6AE4615D522AB24A614F0F2 /* Pods-survey-demoTests.release.xcconfig */;
			buildSettings = {
				ALWAYS_EMBED_SWIFT_STANDARD_LIBRARIES = YES;
				BUNDLE_LOADER = "$(TEST_HOST)";
				CODE_SIGN_STYLE = Automatic;
				CURRENT_PROJECT_VERSION = 1;
				GENERATE_INFOPLIST_FILE = YES;
				IPHONEOS_DEPLOYMENT_TARGET = 17.0;
				MARKETING_VERSION = 1.0;
				PRODUCT_BUNDLE_IDENTIFIER = "com.betatest.survey-demoTests";
				PRODUCT_NAME = "$(TARGET_NAME)";
				SWIFT_EMIT_LOC_STRINGS = NO;
				SWIFT_VERSION = 5.0;
				TARGETED_DEVICE_FAMILY = "1,2";
				TEST_HOST = "$(BUILT_PRODUCTS_DIR)/survey-demo.app/$(BUNDLE_EXECUTABLE_FOLDER_PATH)/survey-demo";
			};
			name = Release;
		};
		17AB9B7B2B26E586008B3595 /* Debug */ = {
			isa = XCBuildConfiguration;
			baseConfigurationReference = DE8D697BA48E52C0D1492D31 /* Pods-survey-demo-survey-demoUITests.debug.xcconfig */;
			buildSettings = {
				ALWAYS_EMBED_SWIFT_STANDARD_LIBRARIES = YES;
				CODE_SIGN_STYLE = Automatic;
				CURRENT_PROJECT_VERSION = 1;
				GENERATE_INFOPLIST_FILE = YES;
				MARKETING_VERSION = 1.0;
				PRODUCT_BUNDLE_IDENTIFIER = "com.betatest.survey-demoUITests";
				PRODUCT_NAME = "$(TARGET_NAME)";
				SWIFT_EMIT_LOC_STRINGS = NO;
				SWIFT_VERSION = 5.0;
				TARGETED_DEVICE_FAMILY = "1,2";
				TEST_TARGET_NAME = "survey-demo";
			};
			name = Debug;
		};
		17AB9B7C2B26E586008B3595 /* Release */ = {
			isa = XCBuildConfiguration;
			baseConfigurationReference = 2F7E02A4306A1A4372CFEACE /* Pods-survey-demo-survey-demoUITests.release.xcconfig */;
			buildSettings = {
				ALWAYS_EMBED_SWIFT_STANDARD_LIBRARIES = YES;
				CODE_SIGN_STYLE = Automatic;
				CURRENT_PROJECT_VERSION = 1;
				GENERATE_INFOPLIST_FILE = YES;
				MARKETING_VERSION = 1.0;
				PRODUCT_BUNDLE_IDENTIFIER = "com.betatest.survey-demoUITests";
				PRODUCT_NAME = "$(TARGET_NAME)";
				SWIFT_EMIT_LOC_STRINGS = NO;
				SWIFT_VERSION = 5.0;
				TARGETED_DEVICE_FAMILY = "1,2";
				TEST_TARGET_NAME = "survey-demo";
			};
			name = Release;
		};
/* End XCBuildConfiguration section */

/* Begin XCConfigurationList section */
		17AB9B452B26E584008B3595 /* Build configuration list for PBXProject "survey-demo" */ = {
			isa = XCConfigurationList;
			buildConfigurations = (
				17AB9B722B26E586008B3595 /* Debug */,
				17AB9B732B26E586008B3595 /* Release */,
			);
			defaultConfigurationIsVisible = 0;
			defaultConfigurationName = Release;
		};
		17AB9B742B26E586008B3595 /* Build configuration list for PBXNativeTarget "survey-demo" */ = {
			isa = XCConfigurationList;
			buildConfigurations = (
				17AB9B752B26E586008B3595 /* Debug */,
				17AB9B762B26E586008B3595 /* Release */,
			);
			defaultConfigurationIsVisible = 0;
			defaultConfigurationName = Release;
		};
		17AB9B772B26E586008B3595 /* Build configuration list for PBXNativeTarget "survey-demoTests" */ = {
			isa = XCConfigurationList;
			buildConfigurations = (
				17AB9B782B26E586008B3595 /* Debug */,
				17AB9B792B26E586008B3595 /* Release */,
			);
			defaultConfigurationIsVisible = 0;
			defaultConfigurationName = Release;
		};
		17AB9B7A2B26E586008B3595 /* Build configuration list for PBXNativeTarget "survey-demoUITests" */ = {
			isa = XCConfigurationList;
			buildConfigurations = (
				17AB9B7B2B26E586008B3595 /* Debug */,
				17AB9B7C2B26E586008B3595 /* Release */,
			);
			defaultConfigurationIsVisible = 0;
			defaultConfigurationName = Release;
		};
/* End XCConfigurationList section */
	};
	rootObject = 17AB9B422B26E584008B3595 /* Project object */;
}
